
Microsoft Visual Studio Solution File, Format Version 12.00
# Visual Studio Version 17
VisualStudioVersion = 17.9.34607.119
MinimumVisualStudioVersion = 10.0.40219.1
Project("{FAE04EC0-301F-11D3-BF4B-00C04F79EFBC}") = "EFCBasic01", "EFCBasic01\EFCBasic01.csproj", "{81DF44C8-FD2E-4710-BB31-E9B6B324EDD5}"
EndProject
Global
	GlobalSection(SolutionConfigurationPlatforms) = preSolution
		Debug|Any CPU = Debug|Any CPU
		Release|Any CPU = Release|Any CPU
	EndGlobalSection
	GlobalSection(ProjectConfigurationPlatforms) = postSolution
		{81DF44C8-FD2E-4710-BB31-E9B6B324EDD5}.Debug|Any CPU.ActiveCfg = Debug|Any CPU
		{81DF44C8-FD2E-4710-BB31-E9B6B324EDD5}.Debug|Any CPU.Build.0 = Debug|Any CPU
		{81DF44C8-FD2E-4710-BB31-E9B6B324EDD5}.Release|Any CPU.ActiveCfg = Release|Any CPU
		{81DF44C8-FD2E-4710-BB31-E9B6B324EDD5}.Release|Any CPU.Build.0 = Release|Any CPU
	EndGlobalSection
	GlobalSection(SolutionProperties) = preSolution
		HideSolutionNode = FALSE
	EndGlobalSection
	GlobalSection(ExtensibilityGlobals) = postSolution
		SolutionGuid = {3675F7A3-94CF-40CD-8ED8-EE042C7C10FD}
	EndGlobalSection
EndGlobal
